
Microsoft Visual Studio Solution File, Format Version 12.00
# Visual Studio Version 17
VisualStudioVersion = 17.5.2.0
MinimumVisualStudioVersion = 10.0.40219.1
Project("{9A19103F-16F7-4668-BE54-9A1E7A4F7556}") = "BeyondTheLabel", "BeyondTheLabel.csproj", "{529DF4E4-D5AE-447F-8535-8F4FB053FB83}"
EndProject
Global
	GlobalSection(SolutionConfigurationPlatforms) = preSolution
		Debug|Any CPU = Debug|Any CPU
		Release|Any CPU = Release|Any CPU
	EndGlobalSection
	GlobalSection(ProjectConfigurationPlatforms) = postSolution
		{529DF4E4-D5AE-447F-8535-8F4FB053FB83}.Debug|Any CPU.ActiveCfg = Debug|Any CPU
		{529DF4E4-D5AE-447F-8535-8F4FB053FB83}.Debug|Any CPU.Build.0 = Debug|Any CPU
		{529DF4E4-D5AE-447F-8535-8F4FB053FB83}.Release|Any CPU.ActiveCfg = Release|Any CPU
		{529DF4E4-D5AE-447F-8535-8F4FB053FB83}.Release|Any CPU.Build.0 = Release|Any CPU
	EndGlobalSection
	GlobalSection(SolutionProperties) = preSolution
		HideSolutionNode = FALSE
	EndGlobalSection
	GlobalSection(ExtensibilityGlobals) = postSolution
		SolutionGuid = {621CFDC7-39A4-47C5-B054-68F1D0518F0E}
	EndGlobalSection
EndGlobal
